
Microsoft Visual Studio Solution File, Format Version 12.00
# Visual Studio Version 16
VisualStudioVersion = 16.0.30114.105
MinimumVisualStudioVersion = 10.0.40219.1
Project("{FAE04EC0-301F-11D3-BF4B-00C04F79EFBC}") = "LombaxToes", "LombaxToes\LombaxToes.csproj", "{0F06ED94-DD46-47BE-8474-BAA84E5411A9}"
EndProject
Project("{FAE04EC0-301F-11D3-BF4B-00C04F79EFBC}") = "LibLombaxToes", "LibLombaxToes\LibLombaxToes.csproj", "{33E3F119-F9A9-42BD-A85B-E8F9AE90A97D}"
EndProject
Global
	GlobalSection(SolutionConfigurationPlatforms) = preSolution
		Debug|Any CPU = Debug|Any CPU
		Release|Any CPU = Release|Any CPU
	EndGlobalSection
	GlobalSection(SolutionProperties) = preSolution
		HideSolutionNode = FALSE
	EndGlobalSection
	GlobalSection(ProjectConfigurationPlatforms) = postSolution
		{0F06ED94-DD46-47BE-8474-BAA84E5411A9}.Debug|Any CPU.ActiveCfg = Debug|Any CPU
		{0F06ED94-DD46-47BE-8474-BAA84E5411A9}.Debug|Any CPU.Build.0 = Debug|Any CPU
		{0F06ED94-DD46-47BE-8474-BAA84E5411A9}.Release|Any CPU.ActiveCfg = Release|Any CPU
		{0F06ED94-DD46-47BE-8474-BAA84E5411A9}.Release|Any CPU.Build.0 = Release|Any CPU
		{33E3F119-F9A9-42BD-A85B-E8F9AE90A97D}.Debug|Any CPU.ActiveCfg = Debug|Any CPU
		{33E3F119-F9A9-42BD-A85B-E8F9AE90A97D}.Debug|Any CPU.Build.0 = Debug|Any CPU
		{33E3F119-F9A9-42BD-A85B-E8F9AE90A97D}.Release|Any CPU.ActiveCfg = Release|Any CPU
		{33E3F119-F9A9-42BD-A85B-E8F9AE90A97D}.Release|Any CPU.Build.0 = Release|Any CPU
	EndGlobalSection
EndGlobal
